<?xml version="1.0" encoding="utf-8"?>
<Project ToolsVersion="4.0" xmlns="http://schemas.microsoft.com/developer/msbuild/2003">
  <ItemGroup>
    <Filter Include="Almond">
      <UniqueIdentifier>{20585EA7-0CFA-887D-F5B4-9CD1E1F50FCE}</UniqueIdentifier>
    </Filter>
    <Filter Include="Almond\Events">
      <UniqueIdentifier>{04A07BE6-7060-F71C-399B-409AA51A3CF9}</UniqueIdentifier>
    </Filter>
    <Filter Include="Almond\Platform">
      <UniqueIdentifier>{74B80190-E043-6F54-E954-F248555FCB54}</UniqueIdentifier>
    </Filter>
    <Filter Include="Almond\Platform\Windows">
      <UniqueIdentifier>{AE96AAC0-1ACE-F257-23D8-567B8F8E1951}</UniqueIdentifier>
    </Filter>
  </ItemGroup>
  <ItemGroup>
    <ClInclude Include="src\Almond.h" />
    <ClInclude Include="src\Almond\Application.h">
      <Filter>Almond</Filter>
    </ClInclude>
    <ClInclude Include="src\Almond\Core.h">
      <Filter>Almond</Filter>
    </ClInclude>
    <ClInclude Include="src\Almond\EntryPoint.h">
      <Filter>Almond</Filter>
    </ClInclude>
    <ClInclude Include="src\Almond\Events\ApplicationEvent.h">
      <Filter>Almond\Events</Filter>
    </ClInclude>
    <ClInclude Include="src\Almond\Events\Event.h">
      <Filter>Almond\Events</Filter>
    </ClInclude>
    <ClInclude Include="src\Almond\Events\KeyEvent.h">
      <Filter>Almond\Events</Filter>
    </ClInclude>
    <ClInclude Include="src\Almond\Events\MouseEvent.h">
      <Filter>Almond\Events</Filter>
    </ClInclude>
    <ClInclude Include="src\Almond\Log.h">
      <Filter>Almond</Filter>
    </ClInclude>
    <ClInclude Include="src\Almond\Platform\Windows\WindowsWindow.h">
      <Filter>Almond\Platform\Windows</Filter>
    </ClInclude>
    <ClInclude Include="src\Almond\Window.h">
      <Filter>Almond</Filter>
    </ClInclude>
    <ClInclude Include="src\hzpch.h" />
  </ItemGroup>
  <ItemGroup>
    <ClCompile Include="src\Almond\Application.cpp">
      <Filter>Almond</Filter>
    </ClCompile>
    <ClCompile Include="src\Almond\Log.cpp">
      <Filter>Almond</Filter>
    </ClCompile>
    <ClCompile Include="src\Almond\Platform\Windows\WindowsWindow.cpp">
      <Filter>Almond\Platform\Windows</Filter>
    </ClCompile>
    <ClCompile Include="src\hzpch.cpp" />
  </ItemGroup>
</Project>